
Microsoft Visual Studio Solution File, Format Version 12.00
# Visual Studio Version 17
VisualStudioVersion = 17.4.33403.182
MinimumVisualStudioVersion = 10.0.40219.1
Project("{2150E333-8FDC-42A3-9474-1A3956D46DE8}") = "Seminar 1", "Seminar 1", "{1FD519AD-93BB-4A12-A827-18A711019EBF}"
EndProject
Project("{9A19103F-16F7-4668-BE54-9A1E7A4F7556}") = "Seminar 1", "Seminar 1\Seminar 1.csproj", "{37CC2CEE-1268-40F0-B745-A6E9279D188A}"
EndProject
Global
	GlobalSection(SolutionConfigurationPlatforms) = preSolution
		Debug|Any CPU = Debug|Any CPU
		Release|Any CPU = Release|Any CPU
	EndGlobalSection
	GlobalSection(ProjectConfigurationPlatforms) = postSolution
		{37CC2CEE-1268-40F0-B745-A6E9279D188A}.Debug|Any CPU.ActiveCfg = Debug|Any CPU
		{37CC2CEE-1268-40F0-B745-A6E9279D188A}.Debug|Any CPU.Build.0 = Debug|Any CPU
		{37CC2CEE-1268-40F0-B745-A6E9279D188A}.Release|Any CPU.ActiveCfg = Release|Any CPU
		{37CC2CEE-1268-40F0-B745-A6E9279D188A}.Release|Any CPU.Build.0 = Release|Any CPU
	EndGlobalSection
	GlobalSection(SolutionProperties) = preSolution
		HideSolutionNode = FALSE
	EndGlobalSection
	GlobalSection(NestedProjects) = preSolution
		{37CC2CEE-1268-40F0-B745-A6E9279D188A} = {1FD519AD-93BB-4A12-A827-18A711019EBF}
	EndGlobalSection
	GlobalSection(ExtensibilityGlobals) = postSolution
		SolutionGuid = {5DAF2837-5383-45C9-AEE5-10A707109FBC}
	EndGlobalSection
EndGlobal
